// !$*UTF8*$!
{
	archiveVersion = 1;
	classes = {
	};
	objectVersion = 46;
	objects = {

/* Begin PBXBuildFile section */
		07C74E7C1E4D19A80050A017 /* AppDelegate.swift in Sources */ = {isa = PBXBuildFile; fileRef = 07C74E7B1E4D19A80050A017 /* AppDelegate.swift */; };
		07C74E7E1E4D19A80050A017 /* ViewController.swift in Sources */ = {isa = PBXBuildFile; fileRef = 07C74E7D1E4D19A80050A017 /* ViewController.swift */; };
		07C74E811E4D19A80050A017 /* Main.storyboard in Resources */ = {isa = PBXBuildFile; fileRef = 07C74E7F1E4D19A80050A017 /* Main.storyboard */; };
		07C74E831E4D19A80050A017 /* Assets.xcassets in Resources */ = {isa = PBXBuildFile; fileRef = 07C74E821E4D19A80050A017 /* Assets.xcassets */; };
		07C74E861E4D19A80050A017 /* LaunchScreen.storyboard in Resources */ = {isa = PBXBuildFile; fileRef = 07C74E841E4D19A80050A017 /* LaunchScreen.storyboard */; };
		07C74E911E4D19A80050A017 /* tableviewdemoTests.swift in Sources */ = {isa = PBXBuildFile; fileRef = 07C74E901E4D19A80050A017 /* tableviewdemoTests.swift */; };
		07C74E9C1E4D19A80050A017 /* tableviewdemoUITests.swift in Sources */ = {isa = PBXBuildFile; fileRef = 07C74E9B1E4D19A80050A017 /* tableviewdemoUITests.swift */; };
/* End PBXBuildFile section */

/* Begin PBXContainerItemProxy section */
		07C74E8D1E4D19A80050A017 /* PBXContainerItemProxy */ = {
			isa = PBXContainerItemProxy;
			containerPortal = 07C74E701E4D19A80050A017 /* Project object */;
			proxyType = 1;
			remoteGlobalIDString = 07C74E771E4D19A80050A017;
			remoteInfo = tableviewdemo;
		};
		07C74E981E4D19A80050A017 /* PBXContainerItemProxy */ = {
			isa = PBXContainerItemProxy;
			containerPortal = 07C74E701E4D19A80050A017 /* Project object */;
			proxyType = 1;
			remoteGlobalIDString = 07C74E771E4D19A80050A017;
			remoteInfo = tableviewdemo;
		};
/* End PBXContainerItemProxy section */

/* Begin PBXFileReference section */
		07C74E781E4D19A80050A017 /* tableviewdemo.app */ = {isa = PBXFileReference; explicitFileType = wrapper.application; includeInIndex = 0; path = tableviewdemo.app; sourceTree = BUILT_PRODUCTS_DIR; };
		07C74E7B1E4D19A80050A017 /* AppDelegate.swift */ = {isa = PBXFileReference; lastKnownFileType = sourcecode.swift; path = AppDelegate.swift; sourceTree = "<group>"; };
		07C74E7D1E4D19A80050A017 /* ViewController.swift */ = {isa = PBXFileReference; lastKnownFileType = sourcecode.swift; path = ViewController.swift; sourceTree = "<group>"; };
		07C74E801E4D19A80050A017 /* Base */ = {isa = PBXFileReference; lastKnownFileType = file.storyboard; name = Base; path = Base.lproj/Main.storyboard; sourceTree = "<group>"; };
		07C74E821E4D19A80050A017 /* Assets.xcassets */ = {isa = PBXFileReference; lastKnownFileType = folder.assetcatalog; path = Assets.xcassets; sourceTree = "<group>"; };
		07C74E851E4D19A80050A017 /* Base */ = {isa = PBXFileReference; lastKnownFileType = file.storyboard; name = Base; path = Base.lproj/LaunchScreen.storyboard; sourceTree = "<group>"; };
		07C74E871E4D19A80050A017 /* Info.plist */ = {isa = PBXFileReference; lastKnownFileType = text.plist.xml; path = Info.plist; sourceTree = "<group>"; };
		07C74E8C1E4D19A80050A017 /* tableviewdemoTests.xctest */ = {isa = PBXFileReference; explicitFileType = wrapper.cfbundle; includeInIndex = 0; path = tableviewdemoTests.xctest; sourceTree = BUILT_PRODUCTS_DIR; };
		07C74E901E4D19A80050A017 /* tableviewdemoTests.swift */ = {isa = PBXFileReference; lastKnownFileType = sourcecode.swift; path = tableviewdemoTests.swift; sourceTree = "<group>"; };
		07C74E921E4D19A80050A017 /* Info.plist */ = {isa = PBXFileReference; lastKnownFileType = text.plist.xml; path = Info.plist; sourceTree = "<group>"; };
		07C74E971E4D19A80050A017 /* tableviewdemoUITests.xctest */ = {isa = PBXFileReference; explicitFileType = wrapper.cfbundle; includeInIndex = 0; path = tableviewdemoUITests.xctest; sourceTree = BUILT_PRODUCTS_DIR; };
		07C74E9B1E4D19A80050A017 /* tableviewdemoUITests.swift */ = {isa = PBXFileReference; lastKnownFileType = sourcecode.swift; path = tableviewdemoUITests.swift; sourceTree = "<group>"; };
		07C74E9D1E4D19A80050A017 /* Info.plist */ = {isa = PBXFileReference; lastKnownFileType = text.plist.xml; path = Info.plist; sourceTree = "<group>"; };
/* End PBXFileReference section */

/* Begin PBXFrameworksBuildPhase section */
		07C74E751E4D19A80050A017 /* Frameworks */ = {
			isa = PBXFrameworksBuildPhase;
			buildActionMask = 2147483647;
			files = (
			);
			runOnlyForDeploymentPostprocessing = 0;
		};
		07C74E891E4D19A80050A017 /* Frameworks */ = {
			isa = PBXFrameworksBuildPhase;
			buildActionMask = 2147483647;
			files = (
			);
			runOnlyForDeploymentPostprocessing = 0;
		};
		07C74E941E4D19A80050A017 /* Frameworks */ = {
			isa = PBXFrameworksBuildPhase;
			buildActionMask = 2147483647;
			files = (
			);
			runOnlyForDeploymentPostprocessing = 0;
		};
/* End PBXFrameworksBuildPhase section */

/* Begin PBXGroup section */
		07C74E6F1E4D19A80050A017 = {
			isa = PBXGroup;
			children = (
				07C74E7A1E4D19A80050A017 /* tableviewdemo */,
				07C74E8F1E4D19A80050A017 /* tableviewdemoTests */,
				07C74E9A1E4D19A80050A017 /* tableviewdemoUITests */,
				07C74E791E4D19A80050A017 /* Products */,
			);
			sourceTree = "<group>";
		};
		07C74E791E4D19A80050A017 /* Products */ = {
			isa = PBXGroup;
			children = (
				07C74E781E4D19A80050A017 /* tableviewdemo.app */,
				07C74E8C1E4D19A80050A017 /* tableviewdemoTests.xctest */,
				07C74E971E4D19A80050A017 /* tableviewdemoUITests.xctest */,
			);
			name = Products;
			sourceTree = "<group>";
		};
		07C74E7A1E4D19A80050A017 /* tableviewdemo */ = {
			isa = PBXGroup;
			children = (
				07C74E7B1E4D19A80050A017 /* AppDelegate.swift */,
				07C74E7D1E4D19A80050A017 /* ViewController.swift */,
				07C74E7F1E4D19A80050A017 /* Main.storyboard */,
				07C74E821E4D19A80050A017 /* Assets.xcassets */,
				07C74E841E4D19A80050A017 /* LaunchScreen.storyboard */,
				07C74E871E4D19A80050A017 /* Info.plist */,
			);
			path = tableviewdemo;
			sourceTree = "<group>";
		};
		07C74E8F1E4D19A80050A017 /* tableviewdemoTests */ = {
			isa = PBXGroup;
			children = (
				07C74E901E4D19A80050A017 /* tableviewdemoTests.swift */,
				07C74E921E4D19A80050A017 /* Info.plist */,
			);
			path = tableviewdemoTests;
			sourceTree = "<group>";
		};
		07C74E9A1E4D19A80050A017 /* tableviewdemoUITests */ = {
			isa = PBXGroup;
			children = (
				07C74E9B1E4D19A80050A017 /* tableviewdemoUITests.swift */,
				07C74E9D1E4D19A80050A017 /* Info.plist */,
			);
			path = tableviewdemoUITests;
			sourceTree = "<group>";
		};
/* End PBXGroup section */

/* Begin PBXNativeTarget section */
		07C74E771E4D19A80050A017 /* tableviewdemo */ = {
			isa = PBXNativeTarget;
			buildConfigurationList = 07C74EA01E4D19A80050A017 /* Build configuration list for PBXNativeTarget "tableviewdemo" */;
			buildPhases = (
				07C74E741E4D19A80050A017 /* Sources */,
				07C74E751E4D19A80050A017 /* Frameworks */,
				07C74E761E4D19A80050A017 /* Resources */,
			);
			buildRules = (
			);
			dependencies = (
			);
			name = tableviewdemo;
			productName = tableviewdemo;
			productReference = 07C74E781E4D19A80050A017 /* tableviewdemo.app */;
			productType = "com.apple.product-type.application";
		};
		07C74E8B1E4D19A80050A017 /* tableviewdemoTests */ = {
			isa = PBXNativeTarget;
			buildConfigurationList = 07C74EA31E4D19A80050A017 /* Build configuration list for PBXNativeTarget "tableviewdemoTests" */;
			buildPhases = (
				07C74E881E4D19A80050A017 /* Sources */,
				07C74E891E4D19A80050A017 /* Frameworks */,
				07C74E8A1E4D19A80050A017 /* Resources */,
			);
			buildRules = (
			);
			dependencies = (
				07C74E8E1E4D19A80050A017 /* PBXTargetDependency */,
			);
			name = tableviewdemoTests;
			productName = tableviewdemoTests;
			productReference = 07C74E8C1E4D19A80050A017 /* tableviewdemoTests.xctest */;
			productType = "com.apple.product-type.bundle.unit-test";
		};
		07C74E961E4D19A80050A017 /* tableviewdemoUITests */ = {
			isa = PBXNativeTarget;
			buildConfigurationList = 07C74EA61E4D19A80050A017 /* Build configuration list for PBXNativeTarget "tableviewdemoUITests" */;
			buildPhases = (
				07C74E931E4D19A80050A017 /* Sources */,
				07C74E941E4D19A80050A017 /* Frameworks */,
				07C74E951E4D19A80050A017 /* Resources */,
			);
			buildRules = (
			);
			dependencies = (
				07C74E991E4D19A80050A017 /* PBXTargetDependency */,
			);
			name = tableviewdemoUITests;
			productName = tableviewdemoUITests;
			productReference = 07C74E971E4D19A80050A017 /* tableviewdemoUITests.xctest */;
			productType = "com.apple.product-type.bundle.ui-testing";
		};
/* End PBXNativeTarget section */

/* Begin PBXProject section */
		07C74E701E4D19A80050A017 /* Project object */ = {
			isa = PBXProject;
			attributes = {
				LastSwiftUpdateCheck = 0820;
				LastUpgradeCheck = 0820;
				ORGANIZATIONNAME = "Eric Pan";
				TargetAttributes = {
					07C74E771E4D19A80050A017 = {
						CreatedOnToolsVersion = 8.2.1;
						DevelopmentTeam = CC4A7GJE49;
						ProvisioningStyle = Automatic;
					};
					07C74E8B1E4D19A80050A017 = {
						CreatedOnToolsVersion = 8.2.1;
						ProvisioningStyle = Automatic;
						TestTargetID = 07C74E771E4D19A80050A017;
					};
					07C74E961E4D19A80050A017 = {
						CreatedOnToolsVersion = 8.2.1;
						ProvisioningStyle = Automatic;
						TestTargetID = 07C74E771E4D19A80050A017;
					};
				};
			};
			buildConfigurationList = 07C74E731E4D19A80050A017 /* Build configuration list for PBXProject "tableviewdemo" */;
			compatibilityVersion = "Xcode 3.2";
			developmentRegion = English;
			hasScannedForEncodings = 0;
			knownRegions = (
				en,
				Base,
			);
			mainGroup = 07C74E6F1E4D19A80050A017;
			productRefGroup = 07C74E791E4D19A80050A017 /* Products */;
			projectDirPath = "";
			projectRoot = "";
			targets = (
				07C74E771E4D19A80050A017 /* tableviewdemo */,
				07C74E8B1E4D19A80050A017 /* tableviewdemoTests */,
				07C74E961E4D19A80050A017 /* tableviewdemoUITests */,
			);
		};
/* End PBXProject section */

/* Begin PBXResourcesBuildPhase section */
		07C74E761E4D19A80050A017 /* Resources */ = {
			isa = PBXResourcesBuildPhase;
			buildActionMask = 2147483647;
			files = (
				07C74E861E4D19A80050A017 /* LaunchScreen.storyboard in Resources */,
				07C74E831E4D19A80050A017 /* Assets.xcassets in Resources */,
				07C74E811E4D19A80050A017 /* Main.storyboard in Resources */,
			);
			runOnlyForDeploymentPostprocessing = 0;
		};
		07C74E8A1E4D19A80050A017 /* Resources */ = {
			isa = PBXResourcesBuildPhase;
			buildActionMask = 2147483647;
			files = (
			);
			runOnlyForDeploymentPostprocessing = 0;
		};
		07C74E951E4D19A80050A017 /* Resources */ = {
			isa = PBXResourcesBuildPhase;
			buildActionMask = 2147483647;
			files = (
			);
			runOnlyForDeploymentPostprocessing = 0;
		};
/* End PBXResourcesBuildPhase section */

/* Begin PBXSourcesBuildPhase section */
		07C74E741E4D19A80050A017 /* Sources */ = {
			isa = PBXSourcesBuildPhase;
			buildActionMask = 2147483647;
			files = (
				07C74E7E1E4D19A80050A017 /* ViewController.swift in Sources */,
				07C74E7C1E4D19A80050A017 /* AppDelegate.swift in Sources */,
			);
			runOnlyForDeploymentPostprocessing = 0;
		};
		07C74E881E4D19A80050A017 /* Sources */ = {
			isa = PBXSourcesBuildPhase;
			buildActionMask = 2147483647;
			files = (
				07C74E911E4D19A80050A017 /* tableviewdemoTests.swift in Sources */,
			);
			runOnlyForDeploymentPostprocessing = 0;
		};
		07C74E931E4D19A80050A017 /* Sources */ = {
			isa = PBXSourcesBuildPhase;
			buildActionMask = 2147483647;
			files = (
				07C74E9C1E4D19A80050A017 /* tableviewdemoUITests.swift in Sources */,
			);
			runOnlyForDeploymentPostprocessing = 0;
		};
/* End PBXSourcesBuildPhase section */

/* Begin PBXTargetDependency section */
		07C74E8E1E4D19A80050A017 /* PBXTargetDependency */ = {
			isa = PBXTargetDependency;
			target = 07C74E771E4D19A80050A017 /* tableviewdemo */;
			targetProxy = 07C74E8D1E4D19A80050A017 /* PBXContainerItemProxy */;
		};
		07C74E991E4D19A80050A017 /* PBXTargetDependency */ = {
			isa = PBXTargetDependency;
			target = 07C74E771E4D19A80050A017 /* tableviewdemo */;
			targetProxy = 07C74E981E4D19A80050A017 /* PBXContainerItemProxy */;
		};
/* End PBXTargetDependency section */

/* Begin PBXVariantGroup section */
		07C74E7F1E4D19A80050A017 /* Main.storyboard */ = {
			isa = PBXVariantGroup;
			children = (
				07C74E801E4D19A80050A017 /* Base */,
			);
			name = Main.storyboard;
			sourceTree = "<group>";
		};
		07C74E841E4D19A80050A017 /* LaunchScreen.storyboard */ = {
			isa = PBXVariantGroup;
			children = (
				07C74E851E4D19A80050A017 /* Base */,
			);
			name = LaunchScreen.storyboard;
			sourceTree = "<group>";
		};
/* End PBXVariantGroup section */

/* Begin XCBuildConfiguration section */
		07C74E9E1E4D19A80050A017 /* Debug */ = {
			isa = XCBuildConfiguration;
			buildSettings = {
				ALWAYS_SEARCH_USER_PATHS = NO;
				CLANG_ANALYZER_NONNULL = YES;
				CLANG_CXX_LANGUAGE_STANDARD = "gnu++0x";
				CLANG_CXX_LIBRARY = "libc++";
				CLANG_ENABLE_MODULES = YES;
				CLANG_ENABLE_OBJC_ARC = YES;
				CLANG_WARN_BOOL_CONVERSION = YES;
				CLANG_WARN_CONSTANT_CONVERSION = YES;
				CLANG_WARN_DIRECT_OBJC_ISA_USAGE = YES_ERROR;
				CLANG_WARN_DOCUMENTATION_COMMENTS = YES;
				CLANG_WARN_EMPTY_BODY = YES;
				CLANG_WARN_ENUM_CONVERSION = YES;
				CLANG_WARN_INFINITE_RECURSION = YES;
				CLANG_WARN_INT_CONVERSION = YES;
				CLANG_WARN_OBJC_ROOT_CLASS = YES_ERROR;
				CLANG_WARN_SUSPICIOUS_MOVE = YES;
				CLANG_WARN_UNREACHABLE_CODE = YES;
				CLANG_WARN__DUPLICATE_METHOD_MATCH = YES;
				"CODE_SIGN_IDENTITY[sdk=iphoneos*]" = "iPhone Developer";
				COPY_PHASE_STRIP = NO;
				DEBUG_INFORMATION_FORMAT = dwarf;
				ENABLE_STRICT_OBJC_MSGSEND = YES;
				ENABLE_TESTABILITY = YES;
				GCC_C_LANGUAGE_STANDARD = gnu99;
				GCC_DYNAMIC_NO_PIC = NO;
				GCC_NO_COMMON_BLOCKS = YES;
				GCC_OPTIMIZATION_LEVEL = 0;
				GCC_PREPROCESSOR_DEFINITIONS = (
					"DEBUG=1",
					"$(inherited)",
				);
				GCC_WARN_64_TO_32_BIT_CONVERSION = YES;
				GCC_WARN_ABOUT_RETURN_TYPE = YES_ERROR;
				GCC_WARN_UNDECLARED_SELECTOR = YES;
				GCC_WARN_UNINITIALIZED_AUTOS = YES_AGGRESSIVE;
				GCC_WARN_UNUSED_FUNCTION = YES;
				GCC_WARN_UNUSED_VARIABLE = YES;
				IPHONEOS_DEPLOYMENT_TARGET = 10.2;
				MTL_ENABLE_DEBUG_INFO = YES;
				ONLY_ACTIVE_ARCH = YES;
				SDKROOT = iphoneos;
				SWIFT_ACTIVE_COMPILATION_CONDITIONS = DEBUG;
				SWIFT_OPTIMIZATION_LEVEL = "-Onone";
				TARGETED_DEVICE_FAMILY = "1,2";
			};
			name = Debug;
		};
		07C74E9F1E4D19A80050A017 /* Release */ = {
			isa = XCBuildConfiguration;
			buildSettings = {
				ALWAYS_SEARCH_USER_PATHS = NO;
				CLANG_ANALYZER_NONNULL = YES;
				CLANG_CXX_LANGUAGE_STANDARD = "gnu++0x";
				CLANG_CXX_LIBRARY = "libc++";
				CLANG_ENABLE_MODULES = YES;
				CLANG_ENABLE_OBJC_ARC = YES;
				CLANG_WARN_BOOL_CONVERSION = YES;
				CLANG_WARN_CONSTANT_CONVERSION = YES;
				CLANG_WARN_DIRECT_OBJC_ISA_USAGE = YES_ERROR;
				CLANG_WARN_DOCUMENTATION_COMMENTS = YES;
				CLANG_WARN_EMPTY_BODY = YES;
				CLANG_WARN_ENUM_CONVERSION = YES;
				CLANG_WARN_INFINITE_RECURSION = YES;
				CLANG_WARN_INT_CONVERSION = YES;
				CLANG_WARN_OBJC_ROOT_CLASS = YES_ERROR;
				CLANG_WARN_SUSPICIOUS_MOVE = YES;
				CLANG_WARN_UNREACHABLE_CODE = YES;
				CLANG_WARN__DUPLICATE_METHOD_MATCH = YES;
				"CODE_SIGN_IDENTITY[sdk=iphoneos*]" = "iPhone Developer";
				COPY_PHASE_STRIP = NO;
				DEBUG_INFORMATION_FORMAT = "dwarf-with-dsym";
				ENABLE_NS_ASSERTIONS = NO;
				ENABLE_STRICT_OBJC_MSGSEND = YES;
				GCC_C_LANGUAGE_STANDARD = gnu99;
				GCC_NO_COMMON_BLOCKS = YES;
				GCC_WARN_64_TO_32_BIT_CONVERSION = YES;
				GCC_WARN_ABOUT_RETURN_TYPE = YES_ERROR;
				GCC_WARN_UNDECLARED_SELECTOR = YES;
				GCC_WARN_UNINITIALIZED_AUTOS = YES_AGGRESSIVE;
				GCC_WARN_UNUSED_FUNCTION = YES;
				GCC_WARN_UNUSED_VARIABLE = YES;
				IPHONEOS_DEPLOYMENT_TARGET = 10.2;
				MTL_ENABLE_DEBUG_INFO = NO;
				SDKROOT = iphoneos;
				SWIFT_OPTIMIZATION_LEVEL = "-Owholemodule";
				TARGETED_DEVICE_FAMILY = "1,2";
				VALIDATE_PRODUCT = YES;
			};
			name = Release;
		};
		07C74EA11E4D19A80050A017 /* Debug */ = {
			isa = XCBuildConfiguration;
			buildSettings = {
				ASSETCATALOG_COMPILER_APPICON_NAME = AppIcon;
				DEVELOPMENT_TEAM = CC4A7GJE49;
				INFOPLIST_FILE = tableviewdemo/Info.plist;
				LD_RUNPATH_SEARCH_PATHS = "$(inherited) @executable_path/Frameworks";
				PRODUCT_BUNDLE_IDENTIFIER = eric.tableviewdemo;
				PRODUCT_NAME = "$(TARGET_NAME)";
				SWIFT_VERSION = 3.0;
			};
			name = Debug;
		};
		07C74EA21E4D19A80050A017 /* Release */ = {
			isa = XCBuildConfiguration;
			buildSettings = {
				ASSETCATALOG_COMPILER_APPICON_NAME = AppIcon;
				DEVELOPMENT_TEAM = CC4A7GJE49;
				INFOPLIST_FILE = tableviewdemo/Info.plist;
				LD_RUNPATH_SEARCH_PATHS = "$(inherited) @executable_path/Frameworks";
				PRODUCT_BUNDLE_IDENTIFIER = eric.tableviewdemo;
				PRODUCT_NAME = "$(TARGET_NAME)";
				SWIFT_VERSION = 3.0;
			};
			name = Release;
		};
		07C74EA41E4D19A80050A017 /* Debug */ = {
			isa = XCBuildConfiguration;
			buildSettings = {
				ALWAYS_EMBED_SWIFT_STANDARD_LIBRARIES = YES;
				BUNDLE_LOADER = "$(TEST_HOST)";
				INFOPLIST_FILE = tableviewdemoTests/Info.plist;
				LD_RUNPATH_SEARCH_PATHS = "$(inherited) @executable_path/Frameworks @loader_path/Frameworks";
				PRODUCT_BUNDLE_IDENTIFIER = eric.tableviewdemoTests;
				PRODUCT_NAME = "$(TARGET_NAME)";
				SWIFT_VERSION = 3.0;
				TEST_HOST = "$(BUILT_PRODUCTS_DIR)/tableviewdemo.app/tableviewdemo";
			};
			name = Debug;
		};
		07C74EA51E4D19A80050A017 /* Release */ = {
			isa = XCBuildConfiguration;
			buildSettings = {
				ALWAYS_EMBED_SWIFT_STANDARD_LIBRARIES = YES;
				BUNDLE_LOADER = "$(TEST_HOST)";
				INFOPLIST_FILE = tableviewdemoTests/Info.plist;
				LD_RUNPATH_SEARCH_PATHS = "$(inherited) @executable_path/Frameworks @loader_path/Frameworks";
				PRODUCT_BUNDLE_IDENTIFIER = eric.tableviewdemoTests;
				PRODUCT_NAME = "$(TARGET_NAME)";
				SWIFT_VERSION = 3.0;
				TEST_HOST = "$(BUILT_PRODUCTS_DIR)/tableviewdemo.app/tableviewdemo";
			};
			name = Release;
		};
		07C74EA71E4D19A80050A017 /* Debug */ = {
			isa = XCBuildConfiguration;
			buildSettings = {
				ALWAYS_EMBED_SWIFT_STANDARD_LIBRARIES = YES;
				INFOPLIST_FILE = tableviewdemoUITests/Info.plist;
				LD_RUNPATH_SEARCH_PATHS = "$(inherited) @executable_path/Frameworks @loader_path/Frameworks";
				PRODUCT_BUNDLE_IDENTIFIER = eric.tableviewdemoUITests;
				PRODUCT_NAME = "$(TARGET_NAME)";
				SWIFT_VERSION = 3.0;
				TEST_TARGET_NAME = tableviewdemo;
			};
			name = Debug;
		};
		07C74EA81E4D19A80050A017 /* Release */ = {
			isa = XCBuildConfiguration;
			buildSettings = {
				ALWAYS_EMBED_SWIFT_STANDARD_LIBRARIES = YES;
				INFOPLIST_FILE = tableviewdemoUITests/Info.plist;
				LD_RUNPATH_SEARCH_PATHS = "$(inherited) @executable_path/Frameworks @loader_path/Frameworks";
				PRODUCT_BUNDLE_IDENTIFIER = eric.tableviewdemoUITests;
				PRODUCT_NAME = "$(TARGET_NAME)";
				SWIFT_VERSION = 3.0;
				TEST_TARGET_NAME = tableviewdemo;
			};
			name = Release;
		};
/* End XCBuildConfiguration section */

/* Begin XCConfigurationList section */
		07C74E731E4D19A80050A017 /* Build configuration list for PBXProject "tableviewdemo" */ = {
			isa = XCConfigurationList;
			buildConfigurations = (
				07C74E9E1E4D19A80050A017 /* Debug */,
				07C74E9F1E4D19A80050A017 /* Release */,
			);
			defaultConfigurationIsVisible = 0;
			defaultConfigurationName = Release;
		};
		07C74EA01E4D19A80050A017 /* Build configuration list for PBXNativeTarget "tableviewdemo" */ = {
			isa = XCConfigurationList;
			buildConfigurations = (
				07C74EA11E4D19A80050A017 /* Debug */,
				07C74EA21E4D19A80050A017 /* Release */,
			);
			defaultConfigurationIsVisible = 0;
			defaultConfigurationName = Release;
		};
		07C74EA31E4D19A80050A017 /* Build configuration list for PBXNativeTarget "tableviewdemoTests" */ = {
			isa = XCConfigurationList;
			buildConfigurations = (
				07C74EA41E4D19A80050A017 /* Debug */,
				07C74EA51E4D19A80050A017 /* Release */,
			);
			defaultConfigurationIsVisible = 0;
			defaultConfigurationName = Release;
		};
		07C74EA61E4D19A80050A017 /* Build configuration list for PBXNativeTarget "tableviewdemoUITests" */ = {
			isa = XCConfigurationList;
			buildConfigurations = (
				07C74EA71E4D19A80050A017 /* Debug */,
				07C74EA81E4D19A80050A017 /* Release */,
			);
			defaultConfigurationIsVisible = 0;
			defaultConfigurationName = Release;
		};
/* End XCConfigurationList section */
	};
	rootObject = 07C74E701E4D19A80050A017 /* Project object */;
}
