// !$*UTF8*$!
{
	archiveVersion = 1;
	classes = {
	};
	objectVersion = 46;
	objects = {

/* Begin PBXBuildFile section */
		077BA7081E4A7BB800705A93 /* AppDelegate.swift in Sources */ = {isa = PBXBuildFile; fileRef = 077BA7071E4A7BB800705A93 /* AppDelegate.swift */; };
		077BA70A1E4A7BB800705A93 /* ViewController.swift in Sources */ = {isa = PBXBuildFile; fileRef = 077BA7091E4A7BB800705A93 /* ViewController.swift */; };
		077BA70D1E4A7BB800705A93 /* Main.storyboard in Resources */ = {isa = PBXBuildFile; fileRef = 077BA70B1E4A7BB800705A93 /* Main.storyboard */; };
		077BA70F1E4A7BB800705A93 /* Assets.xcassets in Resources */ = {isa = PBXBuildFile; fileRef = 077BA70E1E4A7BB800705A93 /* Assets.xcassets */; };
		077BA7121E4A7BB800705A93 /* LaunchScreen.storyboard in Resources */ = {isa = PBXBuildFile; fileRef = 077BA7101E4A7BB800705A93 /* LaunchScreen.storyboard */; };
		077BA71D1E4A7BB800705A93 /* ninjagoldTests.swift in Sources */ = {isa = PBXBuildFile; fileRef = 077BA71C1E4A7BB800705A93 /* ninjagoldTests.swift */; };
		077BA7281E4A7BB800705A93 /* ninjagoldUITests.swift in Sources */ = {isa = PBXBuildFile; fileRef = 077BA7271E4A7BB800705A93 /* ninjagoldUITests.swift */; };
/* End PBXBuildFile section */

/* Begin PBXContainerItemProxy section */
		077BA7191E4A7BB800705A93 /* PBXContainerItemProxy */ = {
			isa = PBXContainerItemProxy;
			containerPortal = 077BA6FC1E4A7BB800705A93 /* Project object */;
			proxyType = 1;
			remoteGlobalIDString = 077BA7031E4A7BB800705A93;
			remoteInfo = ninjagold;
		};
		077BA7241E4A7BB800705A93 /* PBXContainerItemProxy */ = {
			isa = PBXContainerItemProxy;
			containerPortal = 077BA6FC1E4A7BB800705A93 /* Project object */;
			proxyType = 1;
			remoteGlobalIDString = 077BA7031E4A7BB800705A93;
			remoteInfo = ninjagold;
		};
/* End PBXContainerItemProxy section */

/* Begin PBXFileReference section */
		077BA7041E4A7BB800705A93 /* ninjagold.app */ = {isa = PBXFileReference; explicitFileType = wrapper.application; includeInIndex = 0; path = ninjagold.app; sourceTree = BUILT_PRODUCTS_DIR; };
		077BA7071E4A7BB800705A93 /* AppDelegate.swift */ = {isa = PBXFileReference; lastKnownFileType = sourcecode.swift; path = AppDelegate.swift; sourceTree = "<group>"; };
		077BA7091E4A7BB800705A93 /* ViewController.swift */ = {isa = PBXFileReference; lastKnownFileType = sourcecode.swift; path = ViewController.swift; sourceTree = "<group>"; };
		077BA70C1E4A7BB800705A93 /* Base */ = {isa = PBXFileReference; lastKnownFileType = file.storyboard; name = Base; path = Base.lproj/Main.storyboard; sourceTree = "<group>"; };
		077BA70E1E4A7BB800705A93 /* Assets.xcassets */ = {isa = PBXFileReference; lastKnownFileType = folder.assetcatalog; path = Assets.xcassets; sourceTree = "<group>"; };
		077BA7111E4A7BB800705A93 /* Base */ = {isa = PBXFileReference; lastKnownFileType = file.storyboard; name = Base; path = Base.lproj/LaunchScreen.storyboard; sourceTree = "<group>"; };
		077BA7131E4A7BB800705A93 /* Info.plist */ = {isa = PBXFileReference; lastKnownFileType = text.plist.xml; path = Info.plist; sourceTree = "<group>"; };
		077BA7181E4A7BB800705A93 /* ninjagoldTests.xctest */ = {isa = PBXFileReference; explicitFileType = wrapper.cfbundle; includeInIndex = 0; path = ninjagoldTests.xctest; sourceTree = BUILT_PRODUCTS_DIR; };
		077BA71C1E4A7BB800705A93 /* ninjagoldTests.swift */ = {isa = PBXFileReference; lastKnownFileType = sourcecode.swift; path = ninjagoldTests.swift; sourceTree = "<group>"; };
		077BA71E1E4A7BB800705A93 /* Info.plist */ = {isa = PBXFileReference; lastKnownFileType = text.plist.xml; path = Info.plist; sourceTree = "<group>"; };
		077BA7231E4A7BB800705A93 /* ninjagoldUITests.xctest */ = {isa = PBXFileReference; explicitFileType = wrapper.cfbundle; includeInIndex = 0; path = ninjagoldUITests.xctest; sourceTree = BUILT_PRODUCTS_DIR; };
		077BA7271E4A7BB800705A93 /* ninjagoldUITests.swift */ = {isa = PBXFileReference; lastKnownFileType = sourcecode.swift; path = ninjagoldUITests.swift; sourceTree = "<group>"; };
		077BA7291E4A7BB800705A93 /* Info.plist */ = {isa = PBXFileReference; lastKnownFileType = text.plist.xml; path = Info.plist; sourceTree = "<group>"; };
/* End PBXFileReference section */

/* Begin PBXFrameworksBuildPhase section */
		077BA7011E4A7BB800705A93 /* Frameworks */ = {
			isa = PBXFrameworksBuildPhase;
			buildActionMask = 2147483647;
			files = (
			);
			runOnlyForDeploymentPostprocessing = 0;
		};
		077BA7151E4A7BB800705A93 /* Frameworks */ = {
			isa = PBXFrameworksBuildPhase;
			buildActionMask = 2147483647;
			files = (
			);
			runOnlyForDeploymentPostprocessing = 0;
		};
		077BA7201E4A7BB800705A93 /* Frameworks */ = {
			isa = PBXFrameworksBuildPhase;
			buildActionMask = 2147483647;
			files = (
			);
			runOnlyForDeploymentPostprocessing = 0;
		};
/* End PBXFrameworksBuildPhase section */

/* Begin PBXGroup section */
		077BA6FB1E4A7BB800705A93 = {
			isa = PBXGroup;
			children = (
				077BA7061E4A7BB800705A93 /* ninjagold */,
				077BA71B1E4A7BB800705A93 /* ninjagoldTests */,
				077BA7261E4A7BB800705A93 /* ninjagoldUITests */,
				077BA7051E4A7BB800705A93 /* Products */,
			);
			sourceTree = "<group>";
		};
		077BA7051E4A7BB800705A93 /* Products */ = {
			isa = PBXGroup;
			children = (
				077BA7041E4A7BB800705A93 /* ninjagold.app */,
				077BA7181E4A7BB800705A93 /* ninjagoldTests.xctest */,
				077BA7231E4A7BB800705A93 /* ninjagoldUITests.xctest */,
			);
			name = Products;
			sourceTree = "<group>";
		};
		077BA7061E4A7BB800705A93 /* ninjagold */ = {
			isa = PBXGroup;
			children = (
				077BA7071E4A7BB800705A93 /* AppDelegate.swift */,
				077BA7091E4A7BB800705A93 /* ViewController.swift */,
				077BA70B1E4A7BB800705A93 /* Main.storyboard */,
				077BA70E1E4A7BB800705A93 /* Assets.xcassets */,
				077BA7101E4A7BB800705A93 /* LaunchScreen.storyboard */,
				077BA7131E4A7BB800705A93 /* Info.plist */,
			);
			path = ninjagold;
			sourceTree = "<group>";
		};
		077BA71B1E4A7BB800705A93 /* ninjagoldTests */ = {
			isa = PBXGroup;
			children = (
				077BA71C1E4A7BB800705A93 /* ninjagoldTests.swift */,
				077BA71E1E4A7BB800705A93 /* Info.plist */,
			);
			path = ninjagoldTests;
			sourceTree = "<group>";
		};
		077BA7261E4A7BB800705A93 /* ninjagoldUITests */ = {
			isa = PBXGroup;
			children = (
				077BA7271E4A7BB800705A93 /* ninjagoldUITests.swift */,
				077BA7291E4A7BB800705A93 /* Info.plist */,
			);
			path = ninjagoldUITests;
			sourceTree = "<group>";
		};
/* End PBXGroup section */

/* Begin PBXNativeTarget section */
		077BA7031E4A7BB800705A93 /* ninjagold */ = {
			isa = PBXNativeTarget;
			buildConfigurationList = 077BA72C1E4A7BB800705A93 /* Build configuration list for PBXNativeTarget "ninjagold" */;
			buildPhases = (
				077BA7001E4A7BB800705A93 /* Sources */,
				077BA7011E4A7BB800705A93 /* Frameworks */,
				077BA7021E4A7BB800705A93 /* Resources */,
			);
			buildRules = (
			);
			dependencies = (
			);
			name = ninjagold;
			productName = ninjagold;
			productReference = 077BA7041E4A7BB800705A93 /* ninjagold.app */;
			productType = "com.apple.product-type.application";
		};
		077BA7171E4A7BB800705A93 /* ninjagoldTests */ = {
			isa = PBXNativeTarget;
			buildConfigurationList = 077BA72F1E4A7BB800705A93 /* Build configuration list for PBXNativeTarget "ninjagoldTests" */;
			buildPhases = (
				077BA7141E4A7BB800705A93 /* Sources */,
				077BA7151E4A7BB800705A93 /* Frameworks */,
				077BA7161E4A7BB800705A93 /* Resources */,
			);
			buildRules = (
			);
			dependencies = (
				077BA71A1E4A7BB800705A93 /* PBXTargetDependency */,
			);
			name = ninjagoldTests;
			productName = ninjagoldTests;
			productReference = 077BA7181E4A7BB800705A93 /* ninjagoldTests.xctest */;
			productType = "com.apple.product-type.bundle.unit-test";
		};
		077BA7221E4A7BB800705A93 /* ninjagoldUITests */ = {
			isa = PBXNativeTarget;
			buildConfigurationList = 077BA7321E4A7BB800705A93 /* Build configuration list for PBXNativeTarget "ninjagoldUITests" */;
			buildPhases = (
				077BA71F1E4A7BB800705A93 /* Sources */,
				077BA7201E4A7BB800705A93 /* Frameworks */,
				077BA7211E4A7BB800705A93 /* Resources */,
			);
			buildRules = (
			);
			dependencies = (
				077BA7251E4A7BB800705A93 /* PBXTargetDependency */,
			);
			name = ninjagoldUITests;
			productName = ninjagoldUITests;
			productReference = 077BA7231E4A7BB800705A93 /* ninjagoldUITests.xctest */;
			productType = "com.apple.product-type.bundle.ui-testing";
		};
/* End PBXNativeTarget section */

/* Begin PBXProject section */
		077BA6FC1E4A7BB800705A93 /* Project object */ = {
			isa = PBXProject;
			attributes = {
				LastSwiftUpdateCheck = 0820;
				LastUpgradeCheck = 0820;
				ORGANIZATIONNAME = "Eric Pan";
				TargetAttributes = {
					077BA7031E4A7BB800705A93 = {
						CreatedOnToolsVersion = 8.2.1;
						ProvisioningStyle = Automatic;
					};
					077BA7171E4A7BB800705A93 = {
						CreatedOnToolsVersion = 8.2.1;
						ProvisioningStyle = Automatic;
						TestTargetID = 077BA7031E4A7BB800705A93;
					};
					077BA7221E4A7BB800705A93 = {
						CreatedOnToolsVersion = 8.2.1;
						ProvisioningStyle = Automatic;
						TestTargetID = 077BA7031E4A7BB800705A93;
					};
				};
			};
			buildConfigurationList = 077BA6FF1E4A7BB800705A93 /* Build configuration list for PBXProject "ninjagold" */;
			compatibilityVersion = "Xcode 3.2";
			developmentRegion = English;
			hasScannedForEncodings = 0;
			knownRegions = (
				en,
				Base,
			);
			mainGroup = 077BA6FB1E4A7BB800705A93;
			productRefGroup = 077BA7051E4A7BB800705A93 /* Products */;
			projectDirPath = "";
			projectRoot = "";
			targets = (
				077BA7031E4A7BB800705A93 /* ninjagold */,
				077BA7171E4A7BB800705A93 /* ninjagoldTests */,
				077BA7221E4A7BB800705A93 /* ninjagoldUITests */,
			);
		};
/* End PBXProject section */

/* Begin PBXResourcesBuildPhase section */
		077BA7021E4A7BB800705A93 /* Resources */ = {
			isa = PBXResourcesBuildPhase;
			buildActionMask = 2147483647;
			files = (
				077BA7121E4A7BB800705A93 /* LaunchScreen.storyboard in Resources */,
				077BA70F1E4A7BB800705A93 /* Assets.xcassets in Resources */,
				077BA70D1E4A7BB800705A93 /* Main.storyboard in Resources */,
			);
			runOnlyForDeploymentPostprocessing = 0;
		};
		077BA7161E4A7BB800705A93 /* Resources */ = {
			isa = PBXResourcesBuildPhase;
			buildActionMask = 2147483647;
			files = (
			);
			runOnlyForDeploymentPostprocessing = 0;
		};
		077BA7211E4A7BB800705A93 /* Resources */ = {
			isa = PBXResourcesBuildPhase;
			buildActionMask = 2147483647;
			files = (
			);
			runOnlyForDeploymentPostprocessing = 0;
		};
/* End PBXResourcesBuildPhase section */

/* Begin PBXSourcesBuildPhase section */
		077BA7001E4A7BB800705A93 /* Sources */ = {
			isa = PBXSourcesBuildPhase;
			buildActionMask = 2147483647;
			files = (
				077BA70A1E4A7BB800705A93 /* ViewController.swift in Sources */,
				077BA7081E4A7BB800705A93 /* AppDelegate.swift in Sources */,
			);
			runOnlyForDeploymentPostprocessing = 0;
		};
		077BA7141E4A7BB800705A93 /* Sources */ = {
			isa = PBXSourcesBuildPhase;
			buildActionMask = 2147483647;
			files = (
				077BA71D1E4A7BB800705A93 /* ninjagoldTests.swift in Sources */,
			);
			runOnlyForDeploymentPostprocessing = 0;
		};
		077BA71F1E4A7BB800705A93 /* Sources */ = {
			isa = PBXSourcesBuildPhase;
			buildActionMask = 2147483647;
			files = (
				077BA7281E4A7BB800705A93 /* ninjagoldUITests.swift in Sources */,
			);
			runOnlyForDeploymentPostprocessing = 0;
		};
/* End PBXSourcesBuildPhase section */

/* Begin PBXTargetDependency section */
		077BA71A1E4A7BB800705A93 /* PBXTargetDependency */ = {
			isa = PBXTargetDependency;
			target = 077BA7031E4A7BB800705A93 /* ninjagold */;
			targetProxy = 077BA7191E4A7BB800705A93 /* PBXContainerItemProxy */;
		};
		077BA7251E4A7BB800705A93 /* PBXTargetDependency */ = {
			isa = PBXTargetDependency;
			target = 077BA7031E4A7BB800705A93 /* ninjagold */;
			targetProxy = 077BA7241E4A7BB800705A93 /* PBXContainerItemProxy */;
		};
/* End PBXTargetDependency section */

/* Begin PBXVariantGroup section */
		077BA70B1E4A7BB800705A93 /* Main.storyboard */ = {
			isa = PBXVariantGroup;
			children = (
				077BA70C1E4A7BB800705A93 /* Base */,
			);
			name = Main.storyboard;
			sourceTree = "<group>";
		};
		077BA7101E4A7BB800705A93 /* LaunchScreen.storyboard */ = {
			isa = PBXVariantGroup;
			children = (
				077BA7111E4A7BB800705A93 /* Base */,
			);
			name = LaunchScreen.storyboard;
			sourceTree = "<group>";
		};
/* End PBXVariantGroup section */

/* Begin XCBuildConfiguration section */
		077BA72A1E4A7BB800705A93 /* Debug */ = {
			isa = XCBuildConfiguration;
			buildSettings = {
				ALWAYS_SEARCH_USER_PATHS = NO;
				CLANG_ANALYZER_NONNULL = YES;
				CLANG_CXX_LANGUAGE_STANDARD = "gnu++0x";
				CLANG_CXX_LIBRARY = "libc++";
				CLANG_ENABLE_MODULES = YES;
				CLANG_ENABLE_OBJC_ARC = YES;
				CLANG_WARN_BOOL_CONVERSION = YES;
				CLANG_WARN_CONSTANT_CONVERSION = YES;
				CLANG_WARN_DIRECT_OBJC_ISA_USAGE = YES_ERROR;
				CLANG_WARN_DOCUMENTATION_COMMENTS = YES;
				CLANG_WARN_EMPTY_BODY = YES;
				CLANG_WARN_ENUM_CONVERSION = YES;
				CLANG_WARN_INFINITE_RECURSION = YES;
				CLANG_WARN_INT_CONVERSION = YES;
				CLANG_WARN_OBJC_ROOT_CLASS = YES_ERROR;
				CLANG_WARN_SUSPICIOUS_MOVE = YES;
				CLANG_WARN_UNREACHABLE_CODE = YES;
				CLANG_WARN__DUPLICATE_METHOD_MATCH = YES;
				"CODE_SIGN_IDENTITY[sdk=iphoneos*]" = "iPhone Developer";
				COPY_PHASE_STRIP = NO;
				DEBUG_INFORMATION_FORMAT = dwarf;
				ENABLE_STRICT_OBJC_MSGSEND = YES;
				ENABLE_TESTABILITY = YES;
				GCC_C_LANGUAGE_STANDARD = gnu99;
				GCC_DYNAMIC_NO_PIC = NO;
				GCC_NO_COMMON_BLOCKS = YES;
				GCC_OPTIMIZATION_LEVEL = 0;
				GCC_PREPROCESSOR_DEFINITIONS = (
					"DEBUG=1",
					"$(inherited)",
				);
				GCC_WARN_64_TO_32_BIT_CONVERSION = YES;
				GCC_WARN_ABOUT_RETURN_TYPE = YES_ERROR;
				GCC_WARN_UNDECLARED_SELECTOR = YES;
				GCC_WARN_UNINITIALIZED_AUTOS = YES_AGGRESSIVE;
				GCC_WARN_UNUSED_FUNCTION = YES;
				GCC_WARN_UNUSED_VARIABLE = YES;
				IPHONEOS_DEPLOYMENT_TARGET = 10.2;
				MTL_ENABLE_DEBUG_INFO = YES;
				ONLY_ACTIVE_ARCH = YES;
				SDKROOT = iphoneos;
				SWIFT_ACTIVE_COMPILATION_CONDITIONS = DEBUG;
				SWIFT_OPTIMIZATION_LEVEL = "-Onone";
				TARGETED_DEVICE_FAMILY = "1,2";
			};
			name = Debug;
		};
		077BA72B1E4A7BB800705A93 /* Release */ = {
			isa = XCBuildConfiguration;
			buildSettings = {
				ALWAYS_SEARCH_USER_PATHS = NO;
				CLANG_ANALYZER_NONNULL = YES;
				CLANG_CXX_LANGUAGE_STANDARD = "gnu++0x";
				CLANG_CXX_LIBRARY = "libc++";
				CLANG_ENABLE_MODULES = YES;
				CLANG_ENABLE_OBJC_ARC = YES;
				CLANG_WARN_BOOL_CONVERSION = YES;
				CLANG_WARN_CONSTANT_CONVERSION = YES;
				CLANG_WARN_DIRECT_OBJC_ISA_USAGE = YES_ERROR;
				CLANG_WARN_DOCUMENTATION_COMMENTS = YES;
				CLANG_WARN_EMPTY_BODY = YES;
				CLANG_WARN_ENUM_CONVERSION = YES;
				CLANG_WARN_INFINITE_RECURSION = YES;
				CLANG_WARN_INT_CONVERSION = YES;
				CLANG_WARN_OBJC_ROOT_CLASS = YES_ERROR;
				CLANG_WARN_SUSPICIOUS_MOVE = YES;
				CLANG_WARN_UNREACHABLE_CODE = YES;
				CLANG_WARN__DUPLICATE_METHOD_MATCH = YES;
				"CODE_SIGN_IDENTITY[sdk=iphoneos*]" = "iPhone Developer";
				COPY_PHASE_STRIP = NO;
				DEBUG_INFORMATION_FORMAT = "dwarf-with-dsym";
				ENABLE_NS_ASSERTIONS = NO;
				ENABLE_STRICT_OBJC_MSGSEND = YES;
				GCC_C_LANGUAGE_STANDARD = gnu99;
				GCC_NO_COMMON_BLOCKS = YES;
				GCC_WARN_64_TO_32_BIT_CONVERSION = YES;
				GCC_WARN_ABOUT_RETURN_TYPE = YES_ERROR;
				GCC_WARN_UNDECLARED_SELECTOR = YES;
				GCC_WARN_UNINITIALIZED_AUTOS = YES_AGGRESSIVE;
				GCC_WARN_UNUSED_FUNCTION = YES;
				GCC_WARN_UNUSED_VARIABLE = YES;
				IPHONEOS_DEPLOYMENT_TARGET = 10.2;
				MTL_ENABLE_DEBUG_INFO = NO;
				SDKROOT = iphoneos;
				SWIFT_OPTIMIZATION_LEVEL = "-Owholemodule";
				TARGETED_DEVICE_FAMILY = "1,2";
				VALIDATE_PRODUCT = YES;
			};
			name = Release;
		};
		077BA72D1E4A7BB800705A93 /* Debug */ = {
			isa = XCBuildConfiguration;
			buildSettings = {
				ASSETCATALOG_COMPILER_APPICON_NAME = AppIcon;
				INFOPLIST_FILE = ninjagold/Info.plist;
				LD_RUNPATH_SEARCH_PATHS = "$(inherited) @executable_path/Frameworks";
				PRODUCT_BUNDLE_IDENTIFIER = eric.ninjagold;
				PRODUCT_NAME = "$(TARGET_NAME)";
				SWIFT_VERSION = 3.0;
			};
			name = Debug;
		};
		077BA72E1E4A7BB800705A93 /* Release */ = {
			isa = XCBuildConfiguration;
			buildSettings = {
				ASSETCATALOG_COMPILER_APPICON_NAME = AppIcon;
				INFOPLIST_FILE = ninjagold/Info.plist;
				LD_RUNPATH_SEARCH_PATHS = "$(inherited) @executable_path/Frameworks";
				PRODUCT_BUNDLE_IDENTIFIER = eric.ninjagold;
				PRODUCT_NAME = "$(TARGET_NAME)";
				SWIFT_VERSION = 3.0;
			};
			name = Release;
		};
		077BA7301E4A7BB800705A93 /* Debug */ = {
			isa = XCBuildConfiguration;
			buildSettings = {
				ALWAYS_EMBED_SWIFT_STANDARD_LIBRARIES = YES;
				BUNDLE_LOADER = "$(TEST_HOST)";
				INFOPLIST_FILE = ninjagoldTests/Info.plist;
				LD_RUNPATH_SEARCH_PATHS = "$(inherited) @executable_path/Frameworks @loader_path/Frameworks";
				PRODUCT_BUNDLE_IDENTIFIER = eric.ninjagoldTests;
				PRODUCT_NAME = "$(TARGET_NAME)";
				SWIFT_VERSION = 3.0;
				TEST_HOST = "$(BUILT_PRODUCTS_DIR)/ninjagold.app/ninjagold";
			};
			name = Debug;
		};
		077BA7311E4A7BB800705A93 /* Release */ = {
			isa = XCBuildConfiguration;
			buildSettings = {
				ALWAYS_EMBED_SWIFT_STANDARD_LIBRARIES = YES;
				BUNDLE_LOADER = "$(TEST_HOST)";
				INFOPLIST_FILE = ninjagoldTests/Info.plist;
				LD_RUNPATH_SEARCH_PATHS = "$(inherited) @executable_path/Frameworks @loader_path/Frameworks";
				PRODUCT_BUNDLE_IDENTIFIER = eric.ninjagoldTests;
				PRODUCT_NAME = "$(TARGET_NAME)";
				SWIFT_VERSION = 3.0;
				TEST_HOST = "$(BUILT_PRODUCTS_DIR)/ninjagold.app/ninjagold";
			};
			name = Release;
		};
		077BA7331E4A7BB800705A93 /* Debug */ = {
			isa = XCBuildConfiguration;
			buildSettings = {
				ALWAYS_EMBED_SWIFT_STANDARD_LIBRARIES = YES;
				INFOPLIST_FILE = ninjagoldUITests/Info.plist;
				LD_RUNPATH_SEARCH_PATHS = "$(inherited) @executable_path/Frameworks @loader_path/Frameworks";
				PRODUCT_BUNDLE_IDENTIFIER = eric.ninjagoldUITests;
				PRODUCT_NAME = "$(TARGET_NAME)";
				SWIFT_VERSION = 3.0;
				TEST_TARGET_NAME = ninjagold;
			};
			name = Debug;
		};
		077BA7341E4A7BB800705A93 /* Release */ = {
			isa = XCBuildConfiguration;
			buildSettings = {
				ALWAYS_EMBED_SWIFT_STANDARD_LIBRARIES = YES;
				INFOPLIST_FILE = ninjagoldUITests/Info.plist;
				LD_RUNPATH_SEARCH_PATHS = "$(inherited) @executable_path/Frameworks @loader_path/Frameworks";
				PRODUCT_BUNDLE_IDENTIFIER = eric.ninjagoldUITests;
				PRODUCT_NAME = "$(TARGET_NAME)";
				SWIFT_VERSION = 3.0;
				TEST_TARGET_NAME = ninjagold;
			};
			name = Release;
		};
/* End XCBuildConfiguration section */

/* Begin XCConfigurationList section */
		077BA6FF1E4A7BB800705A93 /* Build configuration list for PBXProject "ninjagold" */ = {
			isa = XCConfigurationList;
			buildConfigurations = (
				077BA72A1E4A7BB800705A93 /* Debug */,
				077BA72B1E4A7BB800705A93 /* Release */,
			);
			defaultConfigurationIsVisible = 0;
			defaultConfigurationName = Release;
		};
		077BA72C1E4A7BB800705A93 /* Build configuration list for PBXNativeTarget "ninjagold" */ = {
			isa = XCConfigurationList;
			buildConfigurations = (
				077BA72D1E4A7BB800705A93 /* Debug */,
				077BA72E1E4A7BB800705A93 /* Release */,
			);
			defaultConfigurationIsVisible = 0;
		};
		077BA72F1E4A7BB800705A93 /* Build configuration list for PBXNativeTarget "ninjagoldTests" */ = {
			isa = XCConfigurationList;
			buildConfigurations = (
				077BA7301E4A7BB800705A93 /* Debug */,
				077BA7311E4A7BB800705A93 /* Release */,
			);
			defaultConfigurationIsVisible = 0;
		};
		077BA7321E4A7BB800705A93 /* Build configuration list for PBXNativeTarget "ninjagoldUITests" */ = {
			isa = XCConfigurationList;
			buildConfigurations = (
				077BA7331E4A7BB800705A93 /* Debug */,
				077BA7341E4A7BB800705A93 /* Release */,
			);
			defaultConfigurationIsVisible = 0;
		};
/* End XCConfigurationList section */
	};
	rootObject = 077BA6FC1E4A7BB800705A93 /* Project object */;
}
