// !$*UTF8*$!
{
	archiveVersion = 1;
	classes = {
	};
	objectVersion = 46;
	objects = {

/* Begin PBXBuildFile section */
		0743103F1E5761390080FF93 /* AddGoldDelegate.swift in Sources */ = {isa = PBXBuildFile; fileRef = 0743103E1E5761390080FF93 /* AddGoldDelegate.swift */; };
		07F0FCEB1E574E0B008410C2 /* AppDelegate.swift in Sources */ = {isa = PBXBuildFile; fileRef = 07F0FCEA1E574E0B008410C2 /* AppDelegate.swift */; };
		07F0FCED1E574E0B008410C2 /* MainViewController.swift in Sources */ = {isa = PBXBuildFile; fileRef = 07F0FCEC1E574E0B008410C2 /* MainViewController.swift */; };
		07F0FCF01E574E0B008410C2 /* Main.storyboard in Resources */ = {isa = PBXBuildFile; fileRef = 07F0FCEE1E574E0B008410C2 /* Main.storyboard */; };
		07F0FCF31E574E0B008410C2 /* gold.xcdatamodeld in Sources */ = {isa = PBXBuildFile; fileRef = 07F0FCF11E574E0B008410C2 /* gold.xcdatamodeld */; };
		07F0FCF51E574E0B008410C2 /* Assets.xcassets in Resources */ = {isa = PBXBuildFile; fileRef = 07F0FCF41E574E0B008410C2 /* Assets.xcassets */; };
		07F0FCF81E574E0B008410C2 /* LaunchScreen.storyboard in Resources */ = {isa = PBXBuildFile; fileRef = 07F0FCF61E574E0B008410C2 /* LaunchScreen.storyboard */; };
		07F0FD031E574E0B008410C2 /* goldTests.swift in Sources */ = {isa = PBXBuildFile; fileRef = 07F0FD021E574E0B008410C2 /* goldTests.swift */; };
		07F0FD0E1E574E0B008410C2 /* goldUITests.swift in Sources */ = {isa = PBXBuildFile; fileRef = 07F0FD0D1E574E0B008410C2 /* goldUITests.swift */; };
		07F0FD1C1E575264008410C2 /* DotaCell.swift in Sources */ = {isa = PBXBuildFile; fileRef = 07F0FD1B1E575264008410C2 /* DotaCell.swift */; };
		07F0FD1E1E575361008410C2 /* Character.swift in Sources */ = {isa = PBXBuildFile; fileRef = 07F0FD1D1E575361008410C2 /* Character.swift */; };
/* End PBXBuildFile section */

/* Begin PBXContainerItemProxy section */
		07F0FCFF1E574E0B008410C2 /* PBXContainerItemProxy */ = {
			isa = PBXContainerItemProxy;
			containerPortal = 07F0FCDF1E574E0B008410C2 /* Project object */;
			proxyType = 1;
			remoteGlobalIDString = 07F0FCE61E574E0B008410C2;
			remoteInfo = gold;
		};
		07F0FD0A1E574E0B008410C2 /* PBXContainerItemProxy */ = {
			isa = PBXContainerItemProxy;
			containerPortal = 07F0FCDF1E574E0B008410C2 /* Project object */;
			proxyType = 1;
			remoteGlobalIDString = 07F0FCE61E574E0B008410C2;
			remoteInfo = gold;
		};
/* End PBXContainerItemProxy section */

/* Begin PBXFileReference section */
		0743103E1E5761390080FF93 /* AddGoldDelegate.swift */ = {isa = PBXFileReference; fileEncoding = 4; lastKnownFileType = sourcecode.swift; path = AddGoldDelegate.swift; sourceTree = "<group>"; };
		07F0FCE71E574E0B008410C2 /* gold.app */ = {isa = PBXFileReference; explicitFileType = wrapper.application; includeInIndex = 0; path = gold.app; sourceTree = BUILT_PRODUCTS_DIR; };
		07F0FCEA1E574E0B008410C2 /* AppDelegate.swift */ = {isa = PBXFileReference; lastKnownFileType = sourcecode.swift; path = AppDelegate.swift; sourceTree = "<group>"; };
		07F0FCEC1E574E0B008410C2 /* MainViewController.swift */ = {isa = PBXFileReference; lastKnownFileType = sourcecode.swift; path = MainViewController.swift; sourceTree = "<group>"; };
		07F0FCEF1E574E0B008410C2 /* Base */ = {isa = PBXFileReference; lastKnownFileType = file.storyboard; name = Base; path = Base.lproj/Main.storyboard; sourceTree = "<group>"; };
		07F0FCF21E574E0B008410C2 /* gold.xcdatamodel */ = {isa = PBXFileReference; lastKnownFileType = wrapper.xcdatamodel; path = gold.xcdatamodel; sourceTree = "<group>"; };
		07F0FCF41E574E0B008410C2 /* Assets.xcassets */ = {isa = PBXFileReference; lastKnownFileType = folder.assetcatalog; path = Assets.xcassets; sourceTree = "<group>"; };
		07F0FCF71E574E0B008410C2 /* Base */ = {isa = PBXFileReference; lastKnownFileType = file.storyboard; name = Base; path = Base.lproj/LaunchScreen.storyboard; sourceTree = "<group>"; };
		07F0FCF91E574E0B008410C2 /* Info.plist */ = {isa = PBXFileReference; lastKnownFileType = text.plist.xml; path = Info.plist; sourceTree = "<group>"; };
		07F0FCFE1E574E0B008410C2 /* goldTests.xctest */ = {isa = PBXFileReference; explicitFileType = wrapper.cfbundle; includeInIndex = 0; path = goldTests.xctest; sourceTree = BUILT_PRODUCTS_DIR; };
		07F0FD021E574E0B008410C2 /* goldTests.swift */ = {isa = PBXFileReference; lastKnownFileType = sourcecode.swift; path = goldTests.swift; sourceTree = "<group>"; };
		07F0FD041E574E0B008410C2 /* Info.plist */ = {isa = PBXFileReference; lastKnownFileType = text.plist.xml; path = Info.plist; sourceTree = "<group>"; };
		07F0FD091E574E0B008410C2 /* goldUITests.xctest */ = {isa = PBXFileReference; explicitFileType = wrapper.cfbundle; includeInIndex = 0; path = goldUITests.xctest; sourceTree = BUILT_PRODUCTS_DIR; };
		07F0FD0D1E574E0B008410C2 /* goldUITests.swift */ = {isa = PBXFileReference; lastKnownFileType = sourcecode.swift; path = goldUITests.swift; sourceTree = "<group>"; };
		07F0FD0F1E574E0B008410C2 /* Info.plist */ = {isa = PBXFileReference; lastKnownFileType = text.plist.xml; path = Info.plist; sourceTree = "<group>"; };
		07F0FD1B1E575264008410C2 /* DotaCell.swift */ = {isa = PBXFileReference; fileEncoding = 4; lastKnownFileType = sourcecode.swift; path = DotaCell.swift; sourceTree = "<group>"; };
		07F0FD1D1E575361008410C2 /* Character.swift */ = {isa = PBXFileReference; fileEncoding = 4; lastKnownFileType = sourcecode.swift; path = Character.swift; sourceTree = "<group>"; };
/* End PBXFileReference section */

/* Begin PBXFrameworksBuildPhase section */
		07F0FCE41E574E0B008410C2 /* Frameworks */ = {
			isa = PBXFrameworksBuildPhase;
			buildActionMask = 2147483647;
			files = (
			);
			runOnlyForDeploymentPostprocessing = 0;
		};
		07F0FCFB1E574E0B008410C2 /* Frameworks */ = {
			isa = PBXFrameworksBuildPhase;
			buildActionMask = 2147483647;
			files = (
			);
			runOnlyForDeploymentPostprocessing = 0;
		};
		07F0FD061E574E0B008410C2 /* Frameworks */ = {
			isa = PBXFrameworksBuildPhase;
			buildActionMask = 2147483647;
			files = (
			);
			runOnlyForDeploymentPostprocessing = 0;
		};
/* End PBXFrameworksBuildPhase section */

/* Begin PBXGroup section */
		07F0FCDE1E574E0B008410C2 = {
			isa = PBXGroup;
			children = (
				07F0FCE91E574E0B008410C2 /* gold */,
				07F0FD011E574E0B008410C2 /* goldTests */,
				07F0FD0C1E574E0B008410C2 /* goldUITests */,
				07F0FCE81E574E0B008410C2 /* Products */,
			);
			sourceTree = "<group>";
		};
		07F0FCE81E574E0B008410C2 /* Products */ = {
			isa = PBXGroup;
			children = (
				07F0FCE71E574E0B008410C2 /* gold.app */,
				07F0FCFE1E574E0B008410C2 /* goldTests.xctest */,
				07F0FD091E574E0B008410C2 /* goldUITests.xctest */,
			);
			name = Products;
			sourceTree = "<group>";
		};
		07F0FCE91E574E0B008410C2 /* gold */ = {
			isa = PBXGroup;
			children = (
				07F0FCEA1E574E0B008410C2 /* AppDelegate.swift */,
				07F0FCEC1E574E0B008410C2 /* MainViewController.swift */,
				07F0FD1B1E575264008410C2 /* DotaCell.swift */,
				0743103E1E5761390080FF93 /* AddGoldDelegate.swift */,
				07F0FD1D1E575361008410C2 /* Character.swift */,
				07F0FCEE1E574E0B008410C2 /* Main.storyboard */,
				07F0FCF41E574E0B008410C2 /* Assets.xcassets */,
				07F0FCF61E574E0B008410C2 /* LaunchScreen.storyboard */,
				07F0FCF91E574E0B008410C2 /* Info.plist */,
				07F0FCF11E574E0B008410C2 /* gold.xcdatamodeld */,
			);
			path = gold;
			sourceTree = "<group>";
		};
		07F0FD011E574E0B008410C2 /* goldTests */ = {
			isa = PBXGroup;
			children = (
				07F0FD021E574E0B008410C2 /* goldTests.swift */,
				07F0FD041E574E0B008410C2 /* Info.plist */,
			);
			path = goldTests;
			sourceTree = "<group>";
		};
		07F0FD0C1E574E0B008410C2 /* goldUITests */ = {
			isa = PBXGroup;
			children = (
				07F0FD0D1E574E0B008410C2 /* goldUITests.swift */,
				07F0FD0F1E574E0B008410C2 /* Info.plist */,
			);
			path = goldUITests;
			sourceTree = "<group>";
		};
/* End PBXGroup section */

/* Begin PBXNativeTarget section */
		07F0FCE61E574E0B008410C2 /* gold */ = {
			isa = PBXNativeTarget;
			buildConfigurationList = 07F0FD121E574E0B008410C2 /* Build configuration list for PBXNativeTarget "gold" */;
			buildPhases = (
				07F0FCE31E574E0B008410C2 /* Sources */,
				07F0FCE41E574E0B008410C2 /* Frameworks */,
				07F0FCE51E574E0B008410C2 /* Resources */,
			);
			buildRules = (
			);
			dependencies = (
			);
			name = gold;
			productName = gold;
			productReference = 07F0FCE71E574E0B008410C2 /* gold.app */;
			productType = "com.apple.product-type.application";
		};
		07F0FCFD1E574E0B008410C2 /* goldTests */ = {
			isa = PBXNativeTarget;
			buildConfigurationList = 07F0FD151E574E0B008410C2 /* Build configuration list for PBXNativeTarget "goldTests" */;
			buildPhases = (
				07F0FCFA1E574E0B008410C2 /* Sources */,
				07F0FCFB1E574E0B008410C2 /* Frameworks */,
				07F0FCFC1E574E0B008410C2 /* Resources */,
			);
			buildRules = (
			);
			dependencies = (
				07F0FD001E574E0B008410C2 /* PBXTargetDependency */,
			);
			name = goldTests;
			productName = goldTests;
			productReference = 07F0FCFE1E574E0B008410C2 /* goldTests.xctest */;
			productType = "com.apple.product-type.bundle.unit-test";
		};
		07F0FD081E574E0B008410C2 /* goldUITests */ = {
			isa = PBXNativeTarget;
			buildConfigurationList = 07F0FD181E574E0B008410C2 /* Build configuration list for PBXNativeTarget "goldUITests" */;
			buildPhases = (
				07F0FD051E574E0B008410C2 /* Sources */,
				07F0FD061E574E0B008410C2 /* Frameworks */,
				07F0FD071E574E0B008410C2 /* Resources */,
			);
			buildRules = (
			);
			dependencies = (
				07F0FD0B1E574E0B008410C2 /* PBXTargetDependency */,
			);
			name = goldUITests;
			productName = goldUITests;
			productReference = 07F0FD091E574E0B008410C2 /* goldUITests.xctest */;
			productType = "com.apple.product-type.bundle.ui-testing";
		};
/* End PBXNativeTarget section */

/* Begin PBXProject section */
		07F0FCDF1E574E0B008410C2 /* Project object */ = {
			isa = PBXProject;
			attributes = {
				LastSwiftUpdateCheck = 0820;
				LastUpgradeCheck = 0820;
				ORGANIZATIONNAME = "Eric Pan";
				TargetAttributes = {
					07F0FCE61E574E0B008410C2 = {
						CreatedOnToolsVersion = 8.2.1;
						DevelopmentTeam = CC4A7GJE49;
						ProvisioningStyle = Automatic;
					};
					07F0FCFD1E574E0B008410C2 = {
						CreatedOnToolsVersion = 8.2.1;
						ProvisioningStyle = Automatic;
						TestTargetID = 07F0FCE61E574E0B008410C2;
					};
					07F0FD081E574E0B008410C2 = {
						CreatedOnToolsVersion = 8.2.1;
						ProvisioningStyle = Automatic;
						TestTargetID = 07F0FCE61E574E0B008410C2;
					};
				};
			};
			buildConfigurationList = 07F0FCE21E574E0B008410C2 /* Build configuration list for PBXProject "gold" */;
			compatibilityVersion = "Xcode 3.2";
			developmentRegion = English;
			hasScannedForEncodings = 0;
			knownRegions = (
				en,
				Base,
			);
			mainGroup = 07F0FCDE1E574E0B008410C2;
			productRefGroup = 07F0FCE81E574E0B008410C2 /* Products */;
			projectDirPath = "";
			projectRoot = "";
			targets = (
				07F0FCE61E574E0B008410C2 /* gold */,
				07F0FCFD1E574E0B008410C2 /* goldTests */,
				07F0FD081E574E0B008410C2 /* goldUITests */,
			);
		};
/* End PBXProject section */

/* Begin PBXResourcesBuildPhase section */
		07F0FCE51E574E0B008410C2 /* Resources */ = {
			isa = PBXResourcesBuildPhase;
			buildActionMask = 2147483647;
			files = (
				07F0FCF81E574E0B008410C2 /* LaunchScreen.storyboard in Resources */,
				07F0FCF51E574E0B008410C2 /* Assets.xcassets in Resources */,
				07F0FCF01E574E0B008410C2 /* Main.storyboard in Resources */,
			);
			runOnlyForDeploymentPostprocessing = 0;
		};
		07F0FCFC1E574E0B008410C2 /* Resources */ = {
			isa = PBXResourcesBuildPhase;
			buildActionMask = 2147483647;
			files = (
			);
			runOnlyForDeploymentPostprocessing = 0;
		};
		07F0FD071E574E0B008410C2 /* Resources */ = {
			isa = PBXResourcesBuildPhase;
			buildActionMask = 2147483647;
			files = (
			);
			runOnlyForDeploymentPostprocessing = 0;
		};
/* End PBXResourcesBuildPhase section */

/* Begin PBXSourcesBuildPhase section */
		07F0FCE31E574E0B008410C2 /* Sources */ = {
			isa = PBXSourcesBuildPhase;
			buildActionMask = 2147483647;
			files = (
				07F0FCED1E574E0B008410C2 /* MainViewController.swift in Sources */,
				07F0FD1C1E575264008410C2 /* DotaCell.swift in Sources */,
				07F0FCEB1E574E0B008410C2 /* AppDelegate.swift in Sources */,
				07F0FCF31E574E0B008410C2 /* gold.xcdatamodeld in Sources */,
				0743103F1E5761390080FF93 /* AddGoldDelegate.swift in Sources */,
				07F0FD1E1E575361008410C2 /* Character.swift in Sources */,
			);
			runOnlyForDeploymentPostprocessing = 0;
		};
		07F0FCFA1E574E0B008410C2 /* Sources */ = {
			isa = PBXSourcesBuildPhase;
			buildActionMask = 2147483647;
			files = (
				07F0FD031E574E0B008410C2 /* goldTests.swift in Sources */,
			);
			runOnlyForDeploymentPostprocessing = 0;
		};
		07F0FD051E574E0B008410C2 /* Sources */ = {
			isa = PBXSourcesBuildPhase;
			buildActionMask = 2147483647;
			files = (
				07F0FD0E1E574E0B008410C2 /* goldUITests.swift in Sources */,
			);
			runOnlyForDeploymentPostprocessing = 0;
		};
/* End PBXSourcesBuildPhase section */

/* Begin PBXTargetDependency section */
		07F0FD001E574E0B008410C2 /* PBXTargetDependency */ = {
			isa = PBXTargetDependency;
			target = 07F0FCE61E574E0B008410C2 /* gold */;
			targetProxy = 07F0FCFF1E574E0B008410C2 /* PBXContainerItemProxy */;
		};
		07F0FD0B1E574E0B008410C2 /* PBXTargetDependency */ = {
			isa = PBXTargetDependency;
			target = 07F0FCE61E574E0B008410C2 /* gold */;
			targetProxy = 07F0FD0A1E574E0B008410C2 /* PBXContainerItemProxy */;
		};
/* End PBXTargetDependency section */

/* Begin PBXVariantGroup section */
		07F0FCEE1E574E0B008410C2 /* Main.storyboard */ = {
			isa = PBXVariantGroup;
			children = (
				07F0FCEF1E574E0B008410C2 /* Base */,
			);
			name = Main.storyboard;
			sourceTree = "<group>";
		};
		07F0FCF61E574E0B008410C2 /* LaunchScreen.storyboard */ = {
			isa = PBXVariantGroup;
			children = (
				07F0FCF71E574E0B008410C2 /* Base */,
			);
			name = LaunchScreen.storyboard;
			sourceTree = "<group>";
		};
/* End PBXVariantGroup section */

/* Begin XCBuildConfiguration section */
		07F0FD101E574E0B008410C2 /* Debug */ = {
			isa = XCBuildConfiguration;
			buildSettings = {
				ALWAYS_SEARCH_USER_PATHS = NO;
				CLANG_ANALYZER_NONNULL = YES;
				CLANG_CXX_LANGUAGE_STANDARD = "gnu++0x";
				CLANG_CXX_LIBRARY = "libc++";
				CLANG_ENABLE_MODULES = YES;
				CLANG_ENABLE_OBJC_ARC = YES;
				CLANG_WARN_BOOL_CONVERSION = YES;
				CLANG_WARN_CONSTANT_CONVERSION = YES;
				CLANG_WARN_DIRECT_OBJC_ISA_USAGE = YES_ERROR;
				CLANG_WARN_DOCUMENTATION_COMMENTS = YES;
				CLANG_WARN_EMPTY_BODY = YES;
				CLANG_WARN_ENUM_CONVERSION = YES;
				CLANG_WARN_INFINITE_RECURSION = YES;
				CLANG_WARN_INT_CONVERSION = YES;
				CLANG_WARN_OBJC_ROOT_CLASS = YES_ERROR;
				CLANG_WARN_SUSPICIOUS_MOVE = YES;
				CLANG_WARN_UNREACHABLE_CODE = YES;
				CLANG_WARN__DUPLICATE_METHOD_MATCH = YES;
				"CODE_SIGN_IDENTITY[sdk=iphoneos*]" = "iPhone Developer";
				COPY_PHASE_STRIP = NO;
				DEBUG_INFORMATION_FORMAT = dwarf;
				ENABLE_STRICT_OBJC_MSGSEND = YES;
				ENABLE_TESTABILITY = YES;
				GCC_C_LANGUAGE_STANDARD = gnu99;
				GCC_DYNAMIC_NO_PIC = NO;
				GCC_NO_COMMON_BLOCKS = YES;
				GCC_OPTIMIZATION_LEVEL = 0;
				GCC_PREPROCESSOR_DEFINITIONS = (
					"DEBUG=1",
					"$(inherited)",
				);
				GCC_WARN_64_TO_32_BIT_CONVERSION = YES;
				GCC_WARN_ABOUT_RETURN_TYPE = YES_ERROR;
				GCC_WARN_UNDECLARED_SELECTOR = YES;
				GCC_WARN_UNINITIALIZED_AUTOS = YES_AGGRESSIVE;
				GCC_WARN_UNUSED_FUNCTION = YES;
				GCC_WARN_UNUSED_VARIABLE = YES;
				IPHONEOS_DEPLOYMENT_TARGET = 10.2;
				MTL_ENABLE_DEBUG_INFO = YES;
				ONLY_ACTIVE_ARCH = YES;
				SDKROOT = iphoneos;
				SWIFT_ACTIVE_COMPILATION_CONDITIONS = DEBUG;
				SWIFT_OPTIMIZATION_LEVEL = "-Onone";
				TARGETED_DEVICE_FAMILY = "1,2";
			};
			name = Debug;
		};
		07F0FD111E574E0B008410C2 /* Release */ = {
			isa = XCBuildConfiguration;
			buildSettings = {
				ALWAYS_SEARCH_USER_PATHS = NO;
				CLANG_ANALYZER_NONNULL = YES;
				CLANG_CXX_LANGUAGE_STANDARD = "gnu++0x";
				CLANG_CXX_LIBRARY = "libc++";
				CLANG_ENABLE_MODULES = YES;
				CLANG_ENABLE_OBJC_ARC = YES;
				CLANG_WARN_BOOL_CONVERSION = YES;
				CLANG_WARN_CONSTANT_CONVERSION = YES;
				CLANG_WARN_DIRECT_OBJC_ISA_USAGE = YES_ERROR;
				CLANG_WARN_DOCUMENTATION_COMMENTS = YES;
				CLANG_WARN_EMPTY_BODY = YES;
				CLANG_WARN_ENUM_CONVERSION = YES;
				CLANG_WARN_INFINITE_RECURSION = YES;
				CLANG_WARN_INT_CONVERSION = YES;
				CLANG_WARN_OBJC_ROOT_CLASS = YES_ERROR;
				CLANG_WARN_SUSPICIOUS_MOVE = YES;
				CLANG_WARN_UNREACHABLE_CODE = YES;
				CLANG_WARN__DUPLICATE_METHOD_MATCH = YES;
				"CODE_SIGN_IDENTITY[sdk=iphoneos*]" = "iPhone Developer";
				COPY_PHASE_STRIP = NO;
				DEBUG_INFORMATION_FORMAT = "dwarf-with-dsym";
				ENABLE_NS_ASSERTIONS = NO;
				ENABLE_STRICT_OBJC_MSGSEND = YES;
				GCC_C_LANGUAGE_STANDARD = gnu99;
				GCC_NO_COMMON_BLOCKS = YES;
				GCC_WARN_64_TO_32_BIT_CONVERSION = YES;
				GCC_WARN_ABOUT_RETURN_TYPE = YES_ERROR;
				GCC_WARN_UNDECLARED_SELECTOR = YES;
				GCC_WARN_UNINITIALIZED_AUTOS = YES_AGGRESSIVE;
				GCC_WARN_UNUSED_FUNCTION = YES;
				GCC_WARN_UNUSED_VARIABLE = YES;
				IPHONEOS_DEPLOYMENT_TARGET = 10.2;
				MTL_ENABLE_DEBUG_INFO = NO;
				SDKROOT = iphoneos;
				SWIFT_OPTIMIZATION_LEVEL = "-Owholemodule";
				TARGETED_DEVICE_FAMILY = "1,2";
				VALIDATE_PRODUCT = YES;
			};
			name = Release;
		};
		07F0FD131E574E0B008410C2 /* Debug */ = {
			isa = XCBuildConfiguration;
			buildSettings = {
				ASSETCATALOG_COMPILER_APPICON_NAME = AppIcon;
				DEVELOPMENT_TEAM = CC4A7GJE49;
				INFOPLIST_FILE = gold/Info.plist;
				LD_RUNPATH_SEARCH_PATHS = "$(inherited) @executable_path/Frameworks";
				PRODUCT_BUNDLE_IDENTIFIER = eric.gold;
				PRODUCT_NAME = "$(TARGET_NAME)";
				SWIFT_VERSION = 3.0;
			};
			name = Debug;
		};
		07F0FD141E574E0B008410C2 /* Release */ = {
			isa = XCBuildConfiguration;
			buildSettings = {
				ASSETCATALOG_COMPILER_APPICON_NAME = AppIcon;
				DEVELOPMENT_TEAM = CC4A7GJE49;
				INFOPLIST_FILE = gold/Info.plist;
				LD_RUNPATH_SEARCH_PATHS = "$(inherited) @executable_path/Frameworks";
				PRODUCT_BUNDLE_IDENTIFIER = eric.gold;
				PRODUCT_NAME = "$(TARGET_NAME)";
				SWIFT_VERSION = 3.0;
			};
			name = Release;
		};
		07F0FD161E574E0B008410C2 /* Debug */ = {
			isa = XCBuildConfiguration;
			buildSettings = {
				ALWAYS_EMBED_SWIFT_STANDARD_LIBRARIES = YES;
				BUNDLE_LOADER = "$(TEST_HOST)";
				INFOPLIST_FILE = goldTests/Info.plist;
				LD_RUNPATH_SEARCH_PATHS = "$(inherited) @executable_path/Frameworks @loader_path/Frameworks";
				PRODUCT_BUNDLE_IDENTIFIER = eric.goldTests;
				PRODUCT_NAME = "$(TARGET_NAME)";
				SWIFT_VERSION = 3.0;
				TEST_HOST = "$(BUILT_PRODUCTS_DIR)/gold.app/gold";
			};
			name = Debug;
		};
		07F0FD171E574E0B008410C2 /* Release */ = {
			isa = XCBuildConfiguration;
			buildSettings = {
				ALWAYS_EMBED_SWIFT_STANDARD_LIBRARIES = YES;
				BUNDLE_LOADER = "$(TEST_HOST)";
				INFOPLIST_FILE = goldTests/Info.plist;
				LD_RUNPATH_SEARCH_PATHS = "$(inherited) @executable_path/Frameworks @loader_path/Frameworks";
				PRODUCT_BUNDLE_IDENTIFIER = eric.goldTests;
				PRODUCT_NAME = "$(TARGET_NAME)";
				SWIFT_VERSION = 3.0;
				TEST_HOST = "$(BUILT_PRODUCTS_DIR)/gold.app/gold";
			};
			name = Release;
		};
		07F0FD191E574E0B008410C2 /* Debug */ = {
			isa = XCBuildConfiguration;
			buildSettings = {
				ALWAYS_EMBED_SWIFT_STANDARD_LIBRARIES = YES;
				INFOPLIST_FILE = goldUITests/Info.plist;
				LD_RUNPATH_SEARCH_PATHS = "$(inherited) @executable_path/Frameworks @loader_path/Frameworks";
				PRODUCT_BUNDLE_IDENTIFIER = eric.goldUITests;
				PRODUCT_NAME = "$(TARGET_NAME)";
				SWIFT_VERSION = 3.0;
				TEST_TARGET_NAME = gold;
			};
			name = Debug;
		};
		07F0FD1A1E574E0B008410C2 /* Release */ = {
			isa = XCBuildConfiguration;
			buildSettings = {
				ALWAYS_EMBED_SWIFT_STANDARD_LIBRARIES = YES;
				INFOPLIST_FILE = goldUITests/Info.plist;
				LD_RUNPATH_SEARCH_PATHS = "$(inherited) @executable_path/Frameworks @loader_path/Frameworks";
				PRODUCT_BUNDLE_IDENTIFIER = eric.goldUITests;
				PRODUCT_NAME = "$(TARGET_NAME)";
				SWIFT_VERSION = 3.0;
				TEST_TARGET_NAME = gold;
			};
			name = Release;
		};
/* End XCBuildConfiguration section */

/* Begin XCConfigurationList section */
		07F0FCE21E574E0B008410C2 /* Build configuration list for PBXProject "gold" */ = {
			isa = XCConfigurationList;
			buildConfigurations = (
				07F0FD101E574E0B008410C2 /* Debug */,
				07F0FD111E574E0B008410C2 /* Release */,
			);
			defaultConfigurationIsVisible = 0;
			defaultConfigurationName = Release;
		};
		07F0FD121E574E0B008410C2 /* Build configuration list for PBXNativeTarget "gold" */ = {
			isa = XCConfigurationList;
			buildConfigurations = (
				07F0FD131E574E0B008410C2 /* Debug */,
				07F0FD141E574E0B008410C2 /* Release */,
			);
			defaultConfigurationIsVisible = 0;
			defaultConfigurationName = Release;
		};
		07F0FD151E574E0B008410C2 /* Build configuration list for PBXNativeTarget "goldTests" */ = {
			isa = XCConfigurationList;
			buildConfigurations = (
				07F0FD161E574E0B008410C2 /* Debug */,
				07F0FD171E574E0B008410C2 /* Release */,
			);
			defaultConfigurationIsVisible = 0;
			defaultConfigurationName = Release;
		};
		07F0FD181E574E0B008410C2 /* Build configuration list for PBXNativeTarget "goldUITests" */ = {
			isa = XCConfigurationList;
			buildConfigurations = (
				07F0FD191E574E0B008410C2 /* Debug */,
				07F0FD1A1E574E0B008410C2 /* Release */,
			);
			defaultConfigurationIsVisible = 0;
			defaultConfigurationName = Release;
		};
/* End XCConfigurationList section */

/* Begin XCVersionGroup section */
		07F0FCF11E574E0B008410C2 /* gold.xcdatamodeld */ = {
			isa = XCVersionGroup;
			children = (
				07F0FCF21E574E0B008410C2 /* gold.xcdatamodel */,
			);
			currentVersion = 07F0FCF21E574E0B008410C2 /* gold.xcdatamodel */;
			path = gold.xcdatamodeld;
			sourceTree = "<group>";
			versionGroupType = wrapper.xcdatamodel;
		};
/* End XCVersionGroup section */
	};
	rootObject = 07F0FCDF1E574E0B008410C2 /* Project object */;
}
